
Microsoft Visual Studio Solution File, Format Version 12.00
# Visual Studio 2012
Project("{FAE04EC0-301F-11D3-BF4B-00C04F79EFBC}") = "LazyPlay", "LazyPlay\LazyPlay.csproj", "{FC2AC083-4526-4C06-9E31-FEF5057C6D2E}"
EndProject
Global
	GlobalSection(SolutionConfigurationPlatforms) = preSolution
		Debug|Any CPU = Debug|Any CPU
		Release|Any CPU = Release|Any CPU
	EndGlobalSection
	GlobalSection(ProjectConfigurationPlatforms) = postSolution
		{FC2AC083-4526-4C06-9E31-FEF5057C6D2E}.Debug|Any CPU.ActiveCfg = Debug|Any CPU
		{FC2AC083-4526-4C06-9E31-FEF5057C6D2E}.Debug|Any CPU.Build.0 = Debug|Any CPU
		{FC2AC083-4526-4C06-9E31-FEF5057C6D2E}.Release|Any CPU.ActiveCfg = Release|Any CPU
		{FC2AC083-4526-4C06-9E31-FEF5057C6D2E}.Release|Any CPU.Build.0 = Release|Any CPU
	EndGlobalSection
	GlobalSection(SolutionProperties) = preSolution
		HideSolutionNode = FALSE
	EndGlobalSection
EndGlobal
